
Microsoft Visual Studio Solution File, Format Version 12.00
# Visual Studio Version 16
VisualStudioVersion = 16.0.30804.86
MinimumVisualStudioVersion = 10.0.40219.1
Project("{FAE04EC0-301F-11D3-BF4B-00C04F79EFBC}") = "WindowsFormsApp2", "WindowsFormsApp2\WindowsFormsApp2.csproj", "{B4337A6F-BB65-4370-974B-5A458429444C}"
EndProject
Global
	GlobalSection(SolutionConfigurationPlatforms) = preSolution
		Debug|Any CPU = Debug|Any CPU
		Release|Any CPU = Release|Any CPU
	EndGlobalSection
	GlobalSection(ProjectConfigurationPlatforms) = postSolution
		{B4337A6F-BB65-4370-974B-5A458429444C}.Debug|Any CPU.ActiveCfg = Debug|Any CPU
		{B4337A6F-BB65-4370-974B-5A458429444C}.Debug|Any CPU.Build.0 = Debug|Any CPU
		{B4337A6F-BB65-4370-974B-5A458429444C}.Release|Any CPU.ActiveCfg = Release|Any CPU
		{B4337A6F-BB65-4370-974B-5A458429444C}.Release|Any CPU.Build.0 = Release|Any CPU
	EndGlobalSection
	GlobalSection(SolutionProperties) = preSolution
		HideSolutionNode = FALSE
	EndGlobalSection
	GlobalSection(ExtensibilityGlobals) = postSolution
		SolutionGuid = {255EA9AD-242D-4148-84FE-1516DFB270A6}
	EndGlobalSection
EndGlobal
